// !$*UTF8*$!
{
	archiveVersion = 1;
	classes = {
	};
	objectVersion = 77;
	objects = {

/* Begin PBXBuildFile section */
		01A7D9700A5B4C1F9D3D1E11 /* Assets.xcassets in Resources */ = {isa = PBXBuildFile; fileRef = 01A7D96F0A5B4C1F9D3D1E11 /* Assets.xcassets */; };
		086944280F1FB800BCA13F0D /* ChatViewModel.swift in Sources */ = {isa = PBXBuildFile; fileRef = 3572085D69769143570AFE0B /* ChatViewModel.swift */; };
		16CF8373A501735FFCEAF240 /* ToolCallLogViewModel.swift in Sources */ = {isa = PBXBuildFile; fileRef = B63AB99F57FC33E7DD29B9EF /* ToolCallLogViewModel.swift */; };
		1F5E1CEA5425CDE3CE9B0560 /* ToolCallLogTools.swift in Sources */ = {isa = PBXBuildFile; fileRef = 3B67389FF28639FF67D335E5 /* ToolCallLogTools.swift */; };
		34F71A6F0D59DDCC5DC059E3 /* ToolCallLogView.swift in Sources */ = {isa = PBXBuildFile; fileRef = 88E183A23B653E7B53F4B7ED /* ToolCallLogView.swift */; };
		3AC57C6591212100F0FDA138 /* ProtocolLogViewModel.swift in Sources */ = {isa = PBXBuildFile; fileRef = 589AAE89E0C464700274BD39 /* ProtocolLogViewModel.swift */; };
		4498FFC1CD7914BE51275ED6 /* RecipeListView.swift in Sources */ = {isa = PBXBuildFile; fileRef = FD3DD30F0E48CAB38F60C786 /* RecipeListView.swift */; };
		4FB3E9D335268EAF165DFD8B /* RecipeRepository.swift in Sources */ = {isa = PBXBuildFile; fileRef = 7FBCF511D9DC2376C5E14B7C /* RecipeRepository.swift */; };
		5443E12404145693882EA9CE /* ChatTools.swift in Sources */ = {isa = PBXBuildFile; fileRef = 8D046A0B2BDF0E06D2B0AF2F /* ChatTools.swift */; };
		67BBDFFFBB2927D66777643F /* RecipeEditorView.swift in Sources */ = {isa = PBXBuildFile; fileRef = 5C8BBDBD6DB5B05A0B1DAEBA /* RecipeEditorView.swift */; };
		6F99A2768CA79E5DC23385F1 /* RecipeEditorTools.swift in Sources */ = {isa = PBXBuildFile; fileRef = 3FDC3A1FD9D4582E886DDC05 /* RecipeEditorTools.swift */; };
		7BC962090D40645E7E797DDD /* RecipeServiceKey.swift in Sources */ = {isa = PBXBuildFile; fileRef = D69C42AD8E8902C44559B15E /* RecipeServiceKey.swift */; };
		84477A41CDEE62D1F60222F4 /* RecipeListTools.swift in Sources */ = {isa = PBXBuildFile; fileRef = 4EEC60B7BB05444FCC3D6D9D /* RecipeListTools.swift */; };
		A7CA2562557729629C930F48 /* ChatView.swift in Sources */ = {isa = PBXBuildFile; fileRef = DC8EDF7A9F8B47AA52EBA9FF /* ChatView.swift */; };
		B4D5B476D515FC9C9F4FEB95 /* ProtocolLogView.swift in Sources */ = {isa = PBXBuildFile; fileRef = 8CC3CAC40630783A490F01BA /* ProtocolLogView.swift */; };
		B7455A3720AD168C0C97D03B /* ProtocolLogTools.swift in Sources */ = {isa = PBXBuildFile; fileRef = 7A8D273EF5D687EC7BB44E3B /* ProtocolLogTools.swift */; };
		BF1C4F415F56BF6D190B8D89 /* AgentStreemrSwift in Frameworks */ = {isa = PBXBuildFile; productRef = 46AC15F17E7A3BC35F69DD1C /* AgentStreemrSwift */; };
		C8F4C701D4A6E703D859C2DB /* RecipeService.swift in Sources */ = {isa = PBXBuildFile; fileRef = B55248A4F8C4FA42216DDFBB /* RecipeService.swift */; };
		CECBB5795602AE4714923ED2 /* AgentStreemrApp.swift in Sources */ = {isa = PBXBuildFile; fileRef = 83FB9631DF776878BAC360D8 /* AgentStreemrApp.swift */; };
		DF8B378F0718ACF2D8C25A2F /* RecipeListViewModel.swift in Sources */ = {isa = PBXBuildFile; fileRef = 5FDEA29E1F59B4D6EEBD643E /* RecipeListViewModel.swift */; };
		E598C82427D2E77E1CF6C41B /* Recipe.swift in Sources */ = {isa = PBXBuildFile; fileRef = EA65C909BA202CD07C69B59C /* Recipe.swift */; };
		F2F27B07C13063E506A50E2C /* ContentView.swift in Sources */ = {isa = PBXBuildFile; fileRef = 6D9B0B20BBCD713CA55FAD89 /* ContentView.swift */; };
		F7A612CDA6635DFC1839F5F7 /* RecipeEditorViewModel.swift in Sources */ = {isa = PBXBuildFile; fileRef = 155088FDD8582640E15601E5 /* RecipeEditorViewModel.swift */; };
/* End PBXBuildFile section */

/* Begin PBXFileReference section */
		01A7D96F0A5B4C1F9D3D1E11 /* Assets.xcassets */ = {isa = PBXFileReference; lastKnownFileType = folder.assetcatalog; path = Assets.xcassets; sourceTree = "<group>"; };
		155088FDD8582640E15601E5 /* RecipeEditorViewModel.swift */ = {isa = PBXFileReference; lastKnownFileType = sourcecode.swift; path = RecipeEditorViewModel.swift; sourceTree = "<group>"; };
		279A55D7A0D1D83A86D2CC17 /* AgentStreemr.app */ = {isa = PBXFileReference; explicitFileType = wrapper.application; includeInIndex = 0; path = AgentStreemr.app; sourceTree = BUILT_PRODUCTS_DIR; };
		3572085D69769143570AFE0B /* ChatViewModel.swift */ = {isa = PBXFileReference; lastKnownFileType = sourcecode.swift; path = ChatViewModel.swift; sourceTree = "<group>"; };
		3AB36C0F09B9DCD1B44333C9 /* agent-streemr-swift */ = {isa = PBXFileReference; lastKnownFileType = folder; name = "agent-streemr-swift"; path = "../../agent-streemr-swift"; sourceTree = SOURCE_ROOT; };
		3B67389FF28639FF67D335E5 /* ToolCallLogTools.swift */ = {isa = PBXFileReference; lastKnownFileType = sourcecode.swift; path = ToolCallLogTools.swift; sourceTree = "<group>"; };
		3FDC3A1FD9D4582E886DDC05 /* RecipeEditorTools.swift */ = {isa = PBXFileReference; lastKnownFileType = sourcecode.swift; path = RecipeEditorTools.swift; sourceTree = "<group>"; };
		4EEC60B7BB05444FCC3D6D9D /* RecipeListTools.swift */ = {isa = PBXFileReference; lastKnownFileType = sourcecode.swift; path = RecipeListTools.swift; sourceTree = "<group>"; };
		589AAE89E0C464700274BD39 /* ProtocolLogViewModel.swift */ = {isa = PBXFileReference; lastKnownFileType = sourcecode.swift; path = ProtocolLogViewModel.swift; sourceTree = "<group>"; };
		5C8BBDBD6DB5B05A0B1DAEBA /* RecipeEditorView.swift */ = {isa = PBXFileReference; lastKnownFileType = sourcecode.swift; path = RecipeEditorView.swift; sourceTree = "<group>"; };
		5FDEA29E1F59B4D6EEBD643E /* RecipeListViewModel.swift */ = {isa = PBXFileReference; lastKnownFileType = sourcecode.swift; path = RecipeListViewModel.swift; sourceTree = "<group>"; };
		6D9B0B20BBCD713CA55FAD89 /* ContentView.swift */ = {isa = PBXFileReference; lastKnownFileType = sourcecode.swift; path = ContentView.swift; sourceTree = "<group>"; };
		7A8D273EF5D687EC7BB44E3B /* ProtocolLogTools.swift */ = {isa = PBXFileReference; lastKnownFileType = sourcecode.swift; path = ProtocolLogTools.swift; sourceTree = "<group>"; };
		7FBCF511D9DC2376C5E14B7C /* RecipeRepository.swift */ = {isa = PBXFileReference; lastKnownFileType = sourcecode.swift; path = RecipeRepository.swift; sourceTree = "<group>"; };
		83FB9631DF776878BAC360D8 /* AgentStreemrApp.swift */ = {isa = PBXFileReference; lastKnownFileType = sourcecode.swift; path = AgentStreemrApp.swift; sourceTree = "<group>"; };
		88E183A23B653E7B53F4B7ED /* ToolCallLogView.swift */ = {isa = PBXFileReference; lastKnownFileType = sourcecode.swift; path = ToolCallLogView.swift; sourceTree = "<group>"; };
		8CC3CAC40630783A490F01BA /* ProtocolLogView.swift */ = {isa = PBXFileReference; lastKnownFileType = sourcecode.swift; path = ProtocolLogView.swift; sourceTree = "<group>"; };
		8D046A0B2BDF0E06D2B0AF2F /* ChatTools.swift */ = {isa = PBXFileReference; lastKnownFileType = sourcecode.swift; path = ChatTools.swift; sourceTree = "<group>"; };
		B55248A4F8C4FA42216DDFBB /* RecipeService.swift */ = {isa = PBXFileReference; lastKnownFileType = sourcecode.swift; path = RecipeService.swift; sourceTree = "<group>"; };
		B63AB99F57FC33E7DD29B9EF /* ToolCallLogViewModel.swift */ = {isa = PBXFileReference; lastKnownFileType = sourcecode.swift; path = ToolCallLogViewModel.swift; sourceTree = "<group>"; };
		D69C42AD8E8902C44559B15E /* RecipeServiceKey.swift */ = {isa = PBXFileReference; lastKnownFileType = sourcecode.swift; path = RecipeServiceKey.swift; sourceTree = "<group>"; };
		DC8EDF7A9F8B47AA52EBA9FF /* ChatView.swift */ = {isa = PBXFileReference; lastKnownFileType = sourcecode.swift; path = ChatView.swift; sourceTree = "<group>"; };
		EA65C909BA202CD07C69B59C /* Recipe.swift */ = {isa = PBXFileReference; lastKnownFileType = sourcecode.swift; path = Recipe.swift; sourceTree = "<group>"; };
		FD3DD30F0E48CAB38F60C786 /* RecipeListView.swift */ = {isa = PBXFileReference; lastKnownFileType = sourcecode.swift; path = RecipeListView.swift; sourceTree = "<group>"; };
/* End PBXFileReference section */

/* Begin PBXFrameworksBuildPhase section */
		7FA59BCD2540245A25F79C7E /* Frameworks */ = {
			isa = PBXFrameworksBuildPhase;
			buildActionMask = 2147483647;
			files = (
				BF1C4F415F56BF6D190B8D89 /* AgentStreemrSwift in Frameworks */,
			);
			runOnlyForDeploymentPostprocessing = 0;
		};
/* End PBXFrameworksBuildPhase section */

/* Begin PBXGroup section */
		021426E090403A8DB6B43307 /* Tools */ = {
			isa = PBXGroup;
			children = (
				8D046A0B2BDF0E06D2B0AF2F /* ChatTools.swift */,
			);
			path = Tools;
			sourceTree = "<group>";
		};
		05E53500C3D220BDE4764EB1 /* App */ = {
			isa = PBXGroup;
			children = (
				83FB9631DF776878BAC360D8 /* AgentStreemrApp.swift */,
				6D9B0B20BBCD713CA55FAD89 /* ContentView.swift */,
			);
			path = App;
			sourceTree = "<group>";
		};
		06E325E180CB9162BEF6DBFB /* Sources */ = {
			isa = PBXGroup;
			children = (
				05E53500C3D220BDE4764EB1 /* App */,
				1E31C216ED9691F04B5E4E72 /* Features */,
				F9EEA6C2D83FF5F9A2A1B148 /* Services */,
			);
			path = Sources;
			sourceTree = "<group>";
		};
		111A5E66EF5927914E47030B /* Tools */ = {
			isa = PBXGroup;
			children = (
				3B67389FF28639FF67D335E5 /* ToolCallLogTools.swift */,
			);
			path = Tools;
			sourceTree = "<group>";
		};
		167045168AC5C2B248FBBA05 /* Products */ = {
			isa = PBXGroup;
			children = (
				279A55D7A0D1D83A86D2CC17 /* AgentStreemr.app */,
			);
			name = Products;
			sourceTree = "<group>";
		};
		19DB117C8EE842F144F68514 /* ToolCallLog */ = {
			isa = PBXGroup;
			children = (
				88E183A23B653E7B53F4B7ED /* ToolCallLogView.swift */,
				B63AB99F57FC33E7DD29B9EF /* ToolCallLogViewModel.swift */,
				111A5E66EF5927914E47030B /* Tools */,
			);
			path = ToolCallLog;
			sourceTree = "<group>";
		};
		1E31C216ED9691F04B5E4E72 /* Features */ = {
			isa = PBXGroup;
			children = (
				B0F5DDF719BB5DF2B826F8F7 /* Chat */,
				523716E40E04A44EF1839A5F /* ProtocolLog */,
				E8C852A4CFB10CEDB68F88DB /* RecipeEditor */,
				A5B20488D800EC1E1134ACFB /* RecipeList */,
				19DB117C8EE842F144F68514 /* ToolCallLog */,
			);
			path = Features;
			sourceTree = "<group>";
		};
		22EDDCCFC9EB3F32BDE81832 /* Tools */ = {
			isa = PBXGroup;
			children = (
				3FDC3A1FD9D4582E886DDC05 /* RecipeEditorTools.swift */,
			);
			path = Tools;
			sourceTree = "<group>";
		};
		3771A18AB9721F543364505D = {
			isa = PBXGroup;
			children = (
				01A7D96F0A5B4C1F9D3D1E11 /* Assets.xcassets */,
				7872C631294A11C6EF99FACC /* Packages */,
				06E325E180CB9162BEF6DBFB /* Sources */,
				167045168AC5C2B248FBBA05 /* Products */,
			);
			sourceTree = "<group>";
		};
		4ECA2F472AA4FF820CD1202E /* Tools */ = {
			isa = PBXGroup;
			children = (
				4EEC60B7BB05444FCC3D6D9D /* RecipeListTools.swift */,
			);
			path = Tools;
			sourceTree = "<group>";
		};
		523716E40E04A44EF1839A5F /* ProtocolLog */ = {
			isa = PBXGroup;
			children = (
				8CC3CAC40630783A490F01BA /* ProtocolLogView.swift */,
				589AAE89E0C464700274BD39 /* ProtocolLogViewModel.swift */,
				BFDC1C015039F68EE4F0803C /* Tools */,
			);
			path = ProtocolLog;
			sourceTree = "<group>";
		};
		7872C631294A11C6EF99FACC /* Packages */ = {
			isa = PBXGroup;
			children = (
				3AB36C0F09B9DCD1B44333C9 /* agent-streemr-swift */,
			);
			name = Packages;
			sourceTree = "<group>";
		};
		A5B20488D800EC1E1134ACFB /* RecipeList */ = {
			isa = PBXGroup;
			children = (
				FD3DD30F0E48CAB38F60C786 /* RecipeListView.swift */,
				5FDEA29E1F59B4D6EEBD643E /* RecipeListViewModel.swift */,
				4ECA2F472AA4FF820CD1202E /* Tools */,
			);
			path = RecipeList;
			sourceTree = "<group>";
		};
		B0F5DDF719BB5DF2B826F8F7 /* Chat */ = {
			isa = PBXGroup;
			children = (
				DC8EDF7A9F8B47AA52EBA9FF /* ChatView.swift */,
				3572085D69769143570AFE0B /* ChatViewModel.swift */,
				021426E090403A8DB6B43307 /* Tools */,
			);
			path = Chat;
			sourceTree = "<group>";
		};
		BFDC1C015039F68EE4F0803C /* Tools */ = {
			isa = PBXGroup;
			children = (
				7A8D273EF5D687EC7BB44E3B /* ProtocolLogTools.swift */,
			);
			path = Tools;
			sourceTree = "<group>";
		};
		E8C852A4CFB10CEDB68F88DB /* RecipeEditor */ = {
			isa = PBXGroup;
			children = (
				5C8BBDBD6DB5B05A0B1DAEBA /* RecipeEditorView.swift */,
				155088FDD8582640E15601E5 /* RecipeEditorViewModel.swift */,
				22EDDCCFC9EB3F32BDE81832 /* Tools */,
			);
			path = RecipeEditor;
			sourceTree = "<group>";
		};
		F9EEA6C2D83FF5F9A2A1B148 /* Services */ = {
			isa = PBXGroup;
			children = (
				EA65C909BA202CD07C69B59C /* Recipe.swift */,
				7FBCF511D9DC2376C5E14B7C /* RecipeRepository.swift */,
				B55248A4F8C4FA42216DDFBB /* RecipeService.swift */,
				D69C42AD8E8902C44559B15E /* RecipeServiceKey.swift */,
			);
			path = Services;
			sourceTree = "<group>";
		};
/* End PBXGroup section */

/* Begin PBXNativeTarget section */
		0D50590092145357B57668CF /* AgentStreemr */ = {
			isa = PBXNativeTarget;
			buildConfigurationList = 69683EB90887F7D6CC7EECA8 /* Build configuration list for PBXNativeTarget "AgentStreemr" */;
			buildPhases = (
				4161676D0E29968D85239910 /* Sources */,
				7FA59BCD2540245A25F79C7E /* Frameworks */,
				01A7D9710A5B4C1F9D3D1E11 /* Resources */,
			);
			buildRules = (
			);
			dependencies = (
			);
			name = AgentStreemr;
			packageProductDependencies = (
				46AC15F17E7A3BC35F69DD1C /* AgentStreemrSwift */,
			);
			productName = AgentStreemr;
			productReference = 279A55D7A0D1D83A86D2CC17 /* AgentStreemr.app */;
			productType = "com.apple.product-type.application";
		};
/* End PBXNativeTarget section */

/* Begin PBXProject section */
		35F7FA2C8909D7249EC379B9 /* Project object */ = {
			isa = PBXProject;
			attributes = {
				BuildIndependentTargetsInParallel = YES;
				LastUpgradeCheck = 2630;
			};
			buildConfigurationList = 68FAB6DEE333B4D8BDD0021B /* Build configuration list for PBXProject "AgentStreemr" */;
			developmentRegion = en;
			hasScannedForEncodings = 0;
			knownRegions = (
				Base,
				en,
			);
			mainGroup = 3771A18AB9721F543364505D;
			minimizedProjectReferenceProxies = 1;
			packageReferences = (
				B6EE6F9AE51646550B50B24B /* XCLocalSwiftPackageReference "../../agent-streemr-swift" */,
			);
			preferredProjectObjectVersion = 77;
			productRefGroup = 167045168AC5C2B248FBBA05 /* Products */;
			projectDirPath = "";
			projectRoot = "";
			targets = (
				0D50590092145357B57668CF /* AgentStreemr */,
			);
		};
/* End PBXProject section */

/* Begin PBXResourcesBuildPhase section */
		01A7D9710A5B4C1F9D3D1E11 /* Resources */ = {
			isa = PBXResourcesBuildPhase;
			buildActionMask = 2147483647;
			files = (
				01A7D9700A5B4C1F9D3D1E11 /* Assets.xcassets in Resources */,
			);
			runOnlyForDeploymentPostprocessing = 0;
		};
/* End PBXResourcesBuildPhase section */

/* Begin PBXSourcesBuildPhase section */
		4161676D0E29968D85239910 /* Sources */ = {
			isa = PBXSourcesBuildPhase;
			buildActionMask = 2147483647;
			files = (
				CECBB5795602AE4714923ED2 /* AgentStreemrApp.swift in Sources */,
				5443E12404145693882EA9CE /* ChatTools.swift in Sources */,
				A7CA2562557729629C930F48 /* ChatView.swift in Sources */,
				086944280F1FB800BCA13F0D /* ChatViewModel.swift in Sources */,
				F2F27B07C13063E506A50E2C /* ContentView.swift in Sources */,
				B7455A3720AD168C0C97D03B /* ProtocolLogTools.swift in Sources */,
				B4D5B476D515FC9C9F4FEB95 /* ProtocolLogView.swift in Sources */,
				3AC57C6591212100F0FDA138 /* ProtocolLogViewModel.swift in Sources */,
				E598C82427D2E77E1CF6C41B /* Recipe.swift in Sources */,
				6F99A2768CA79E5DC23385F1 /* RecipeEditorTools.swift in Sources */,
				67BBDFFFBB2927D66777643F /* RecipeEditorView.swift in Sources */,
				F7A612CDA6635DFC1839F5F7 /* RecipeEditorViewModel.swift in Sources */,
				84477A41CDEE62D1F60222F4 /* RecipeListTools.swift in Sources */,
				4498FFC1CD7914BE51275ED6 /* RecipeListView.swift in Sources */,
				DF8B378F0718ACF2D8C25A2F /* RecipeListViewModel.swift in Sources */,
				4FB3E9D335268EAF165DFD8B /* RecipeRepository.swift in Sources */,
				C8F4C701D4A6E703D859C2DB /* RecipeService.swift in Sources */,
				7BC962090D40645E7E797DDD /* RecipeServiceKey.swift in Sources */,
				1F5E1CEA5425CDE3CE9B0560 /* ToolCallLogTools.swift in Sources */,
				34F71A6F0D59DDCC5DC059E3 /* ToolCallLogView.swift in Sources */,
				16CF8373A501735FFCEAF240 /* ToolCallLogViewModel.swift in Sources */,
			);
			runOnlyForDeploymentPostprocessing = 0;
		};
/* End PBXSourcesBuildPhase section */

/* Begin XCBuildConfiguration section */
		79364300FE9F4AF74DC4B656 /* Release */ = {
			isa = XCBuildConfiguration;
			buildSettings = {
				ALWAYS_SEARCH_USER_PATHS = NO;
				ASSETCATALOG_COMPILER_GENERATE_SWIFT_ASSET_SYMBOL_EXTENSIONS = YES;
				CLANG_ANALYZER_NONNULL = YES;
				CLANG_ANALYZER_NUMBER_OBJECT_CONVERSION = YES_AGGRESSIVE;
				CLANG_CXX_LANGUAGE_STANDARD = "gnu++14";
				CLANG_CXX_LIBRARY = "libc++";
				CLANG_ENABLE_MODULES = YES;
				CLANG_ENABLE_OBJC_ARC = YES;
				CLANG_ENABLE_OBJC_WEAK = YES;
				CLANG_WARN_BLOCK_CAPTURE_AUTORELEASING = YES;
				CLANG_WARN_BOOL_CONVERSION = YES;
				CLANG_WARN_COMMA = YES;
				CLANG_WARN_CONSTANT_CONVERSION = YES;
				CLANG_WARN_DEPRECATED_OBJC_IMPLEMENTATIONS = YES;
				CLANG_WARN_DIRECT_OBJC_ISA_USAGE = YES_ERROR;
				CLANG_WARN_DOCUMENTATION_COMMENTS = YES;
				CLANG_WARN_EMPTY_BODY = YES;
				CLANG_WARN_ENUM_CONVERSION = YES;
				CLANG_WARN_INFINITE_RECURSION = YES;
				CLANG_WARN_INT_CONVERSION = YES;
				CLANG_WARN_NON_LITERAL_NULL_CONVERSION = YES;
				CLANG_WARN_OBJC_IMPLICIT_RETAIN_SELF = YES;
				CLANG_WARN_OBJC_LITERAL_CONVERSION = YES;
				CLANG_WARN_OBJC_ROOT_CLASS = YES_ERROR;
				CLANG_WARN_QUOTED_INCLUDE_IN_FRAMEWORK_HEADER = YES;
				CLANG_WARN_RANGE_LOOP_ANALYSIS = YES;
				CLANG_WARN_STRICT_PROTOTYPES = YES;
				CLANG_WARN_SUSPICIOUS_MOVE = YES;
				CLANG_WARN_UNGUARDED_AVAILABILITY = YES_AGGRESSIVE;
				CLANG_WARN_UNREACHABLE_CODE = YES;
				CLANG_WARN__DUPLICATE_METHOD_MATCH = YES;
				COPY_PHASE_STRIP = NO;
				DEBUG_INFORMATION_FORMAT = "dwarf-with-dsym";
				ENABLE_NS_ASSERTIONS = NO;
				ENABLE_STRICT_OBJC_MSGSEND = YES;
				ENABLE_USER_SCRIPT_SANDBOXING = YES;
				GCC_C_LANGUAGE_STANDARD = gnu11;
				GCC_NO_COMMON_BLOCKS = YES;
				GCC_WARN_64_TO_32_BIT_CONVERSION = YES;
				GCC_WARN_ABOUT_RETURN_TYPE = YES_ERROR;
				GCC_WARN_UNDECLARED_SELECTOR = YES;
				GCC_WARN_UNINITIALIZED_AUTOS = YES_AGGRESSIVE;
				GCC_WARN_UNUSED_FUNCTION = YES;
				GCC_WARN_UNUSED_VARIABLE = YES;
				IPHONEOS_DEPLOYMENT_TARGET = 26.3;
				MTL_ENABLE_DEBUG_INFO = NO;
				MTL_FAST_MATH = YES;
				PRODUCT_NAME = "$(TARGET_NAME)";
				SDKROOT = iphoneos;
				STRING_CATALOG_GENERATE_SYMBOLS = YES;
				SWIFT_COMPILATION_MODE = wholemodule;
				SWIFT_OPTIMIZATION_LEVEL = "-O";
				SWIFT_VERSION = 5.0;
			};
			name = Release;
		};
		B651254CEE5E2DE33A0FF6E5 /* Debug */ = {
			isa = XCBuildConfiguration;
			buildSettings = {
				ASSETCATALOG_COMPILER_APPICON_NAME = AppIcon;
				ASSETCATALOG_COMPILER_INCLUDE_ALL_APPICON_ASSETS = YES;
				CODE_SIGNING_ALLOWED = NO;
				CODE_SIGNING_REQUIRED = NO;
				CODE_SIGN_IDENTITY = "iPhone Developer";
				CURRENT_PROJECT_VERSION = 1;
				INFOPLIST_FILE = "Supporting Files/Info.plist";
				INFOPLIST_KEY_CFBundleDisplayName = "Agent Streemr Demo";
				INFOPLIST_KEY_LSApplicationCategoryType = "public.app-category.utilities";
				IPHONEOS_DEPLOYMENT_TARGET = 26.0;
				LD_RUNPATH_SEARCH_PATHS = (
					"$(inherited)",
					"@executable_path/Frameworks",
				);
				MARKETING_VERSION = 1.0;
				PRODUCT_BUNDLE_IDENTIFIER = "com.eetr.agent-streemr";
				SDKROOT = iphoneos;
				SWIFT_VERSION = 5.9;
				TARGETED_DEVICE_FAMILY = 2;
			};
			name = Debug;
		};
		DEEF82340BBFD3A0DE6B2CB6 /* Release */ = {
			isa = XCBuildConfiguration;
			buildSettings = {
				ASSETCATALOG_COMPILER_APPICON_NAME = AppIcon;
				ASSETCATALOG_COMPILER_INCLUDE_ALL_APPICON_ASSETS = YES;
				CODE_SIGNING_ALLOWED = NO;
				CODE_SIGNING_REQUIRED = NO;
				CODE_SIGN_IDENTITY = "iPhone Developer";
				CURRENT_PROJECT_VERSION = 1;
				INFOPLIST_FILE = "Supporting Files/Info.plist";
				INFOPLIST_KEY_CFBundleDisplayName = "Agent Streemr Demo";
				INFOPLIST_KEY_LSApplicationCategoryType = "public.app-category.utilities";
				IPHONEOS_DEPLOYMENT_TARGET = 26.0;
				LD_RUNPATH_SEARCH_PATHS = (
					"$(inherited)",
					"@executable_path/Frameworks",
				);
				MARKETING_VERSION = 1.0;
				PRODUCT_BUNDLE_IDENTIFIER = "com.eetr.agent-streemr";
				SDKROOT = iphoneos;
				SWIFT_VERSION = 5.9;
				TARGETED_DEVICE_FAMILY = 2;
			};
			name = Release;
		};
		F47E0D13F6204224C0EE5576 /* Debug */ = {
			isa = XCBuildConfiguration;
			buildSettings = {
				ALWAYS_SEARCH_USER_PATHS = NO;
				ASSETCATALOG_COMPILER_GENERATE_SWIFT_ASSET_SYMBOL_EXTENSIONS = YES;
				CLANG_ANALYZER_NONNULL = YES;
				CLANG_ANALYZER_NUMBER_OBJECT_CONVERSION = YES_AGGRESSIVE;
				CLANG_CXX_LANGUAGE_STANDARD = "gnu++14";
				CLANG_CXX_LIBRARY = "libc++";
				CLANG_ENABLE_MODULES = YES;
				CLANG_ENABLE_OBJC_ARC = YES;
				CLANG_ENABLE_OBJC_WEAK = YES;
				CLANG_WARN_BLOCK_CAPTURE_AUTORELEASING = YES;
				CLANG_WARN_BOOL_CONVERSION = YES;
				CLANG_WARN_COMMA = YES;
				CLANG_WARN_CONSTANT_CONVERSION = YES;
				CLANG_WARN_DEPRECATED_OBJC_IMPLEMENTATIONS = YES;
				CLANG_WARN_DIRECT_OBJC_ISA_USAGE = YES_ERROR;
				CLANG_WARN_DOCUMENTATION_COMMENTS = YES;
				CLANG_WARN_EMPTY_BODY = YES;
				CLANG_WARN_ENUM_CONVERSION = YES;
				CLANG_WARN_INFINITE_RECURSION = YES;
				CLANG_WARN_INT_CONVERSION = YES;
				CLANG_WARN_NON_LITERAL_NULL_CONVERSION = YES;
				CLANG_WARN_OBJC_IMPLICIT_RETAIN_SELF = YES;
				CLANG_WARN_OBJC_LITERAL_CONVERSION = YES;
				CLANG_WARN_OBJC_ROOT_CLASS = YES_ERROR;
				CLANG_WARN_QUOTED_INCLUDE_IN_FRAMEWORK_HEADER = YES;
				CLANG_WARN_RANGE_LOOP_ANALYSIS = YES;
				CLANG_WARN_STRICT_PROTOTYPES = YES;
				CLANG_WARN_SUSPICIOUS_MOVE = YES;
				CLANG_WARN_UNGUARDED_AVAILABILITY = YES_AGGRESSIVE;
				CLANG_WARN_UNREACHABLE_CODE = YES;
				CLANG_WARN__DUPLICATE_METHOD_MATCH = YES;
				COPY_PHASE_STRIP = NO;
				DEBUG_INFORMATION_FORMAT = dwarf;
				ENABLE_STRICT_OBJC_MSGSEND = YES;
				ENABLE_TESTABILITY = YES;
				ENABLE_USER_SCRIPT_SANDBOXING = YES;
				GCC_C_LANGUAGE_STANDARD = gnu11;
				GCC_DYNAMIC_NO_PIC = NO;
				GCC_NO_COMMON_BLOCKS = YES;
				GCC_OPTIMIZATION_LEVEL = 0;
				GCC_PREPROCESSOR_DEFINITIONS = (
					"$(inherited)",
					"DEBUG=1",
				);
				GCC_WARN_64_TO_32_BIT_CONVERSION = YES;
				GCC_WARN_ABOUT_RETURN_TYPE = YES_ERROR;
				GCC_WARN_UNDECLARED_SELECTOR = YES;
				GCC_WARN_UNINITIALIZED_AUTOS = YES_AGGRESSIVE;
				GCC_WARN_UNUSED_FUNCTION = YES;
				GCC_WARN_UNUSED_VARIABLE = YES;
				IPHONEOS_DEPLOYMENT_TARGET = 26.3;
				MTL_ENABLE_DEBUG_INFO = INCLUDE_SOURCE;
				MTL_FAST_MATH = YES;
				ONLY_ACTIVE_ARCH = YES;
				PRODUCT_NAME = "$(TARGET_NAME)";
				SDKROOT = iphoneos;
				STRING_CATALOG_GENERATE_SYMBOLS = YES;
				SWIFT_ACTIVE_COMPILATION_CONDITIONS = DEBUG;
				SWIFT_OPTIMIZATION_LEVEL = "-Onone";
				SWIFT_VERSION = 5.0;
			};
			name = Debug;
		};
/* End XCBuildConfiguration section */

/* Begin XCConfigurationList section */
		68FAB6DEE333B4D8BDD0021B /* Build configuration list for PBXProject "AgentStreemr" */ = {
			isa = XCConfigurationList;
			buildConfigurations = (
				F47E0D13F6204224C0EE5576 /* Debug */,
				79364300FE9F4AF74DC4B656 /* Release */,
			);
			defaultConfigurationIsVisible = 0;
			defaultConfigurationName = Debug;
		};
		69683EB90887F7D6CC7EECA8 /* Build configuration list for PBXNativeTarget "AgentStreemr" */ = {
			isa = XCConfigurationList;
			buildConfigurations = (
				B651254CEE5E2DE33A0FF6E5 /* Debug */,
				DEEF82340BBFD3A0DE6B2CB6 /* Release */,
			);
			defaultConfigurationIsVisible = 0;
			defaultConfigurationName = Debug;
		};
/* End XCConfigurationList section */

/* Begin XCLocalSwiftPackageReference section */
		B6EE6F9AE51646550B50B24B /* XCLocalSwiftPackageReference "../../agent-streemr-swift" */ = {
			isa = XCLocalSwiftPackageReference;
			relativePath = "../../agent-streemr-swift";
		};
/* End XCLocalSwiftPackageReference section */

/* Begin XCSwiftPackageProductDependency section */
		46AC15F17E7A3BC35F69DD1C /* AgentStreemrSwift */ = {
			isa = XCSwiftPackageProductDependency;
			productName = AgentStreemrSwift;
		};
/* End XCSwiftPackageProductDependency section */
	};
	rootObject = 35F7FA2C8909D7249EC379B9 /* Project object */;
}
