// !$*UTF8*$!
{
	archiveVersion = 1;
	classes = {
	};
	objectVersion = 77;
	objects = {

/* Begin PBXBuildFile section */
		706D32BDE16EFBB8EBC04FA0 /* ContentView.swift in Sources */ = {isa = PBXBuildFile; fileRef = 1E9EFA0692471FEA3D4C8058 /* ContentView.swift */; };
		BF1C4F415F56BF6D190B8D89 /* AgentStreemrSwift in Frameworks */ = {isa = PBXBuildFile; productRef = 46AC15F17E7A3BC35F69DD1C /* AgentStreemrSwift */; };
		E87C2CF574727AFC5D35C26A /* AgentStreemrApp.swift in Sources */ = {isa = PBXBuildFile; fileRef = 675CC6A781364084C54E0BEC /* AgentStreemrApp.swift */; };
/* End PBXBuildFile section */

/* Begin PBXFileReference section */
		1E9EFA0692471FEA3D4C8058 /* ContentView.swift */ = {isa = PBXFileReference; lastKnownFileType = sourcecode.swift; path = ContentView.swift; sourceTree = "<group>"; };
		279A55D7A0D1D83A86D2CC17 /* AgentStreemr.app */ = {isa = PBXFileReference; includeInIndex = 0; lastKnownFileType = wrapper.application; path = AgentStreemr.app; sourceTree = BUILT_PRODUCTS_DIR; };
		3AB36C0F09B9DCD1B44333C9 /* agent-streemr-swift */ = {isa = PBXFileReference; lastKnownFileType = folder; name = "agent-streemr-swift"; path = "../../agent-streemr-swift"; sourceTree = SOURCE_ROOT; };
		675CC6A781364084C54E0BEC /* AgentStreemrApp.swift */ = {isa = PBXFileReference; lastKnownFileType = sourcecode.swift; path = AgentStreemrApp.swift; sourceTree = "<group>"; };
/* End PBXFileReference section */

/* Begin PBXFrameworksBuildPhase section */
		7FA59BCD2540245A25F79C7E /* Frameworks */ = {
			isa = PBXFrameworksBuildPhase;
			buildActionMask = 2147483647;
			files = (
				BF1C4F415F56BF6D190B8D89 /* AgentStreemrSwift in Frameworks */,
			);
			runOnlyForDeploymentPostprocessing = 0;
		};
/* End PBXFrameworksBuildPhase section */

/* Begin PBXGroup section */
		06E325E180CB9162BEF6DBFB /* Sources */ = {
			isa = PBXGroup;
			children = (
				675CC6A781364084C54E0BEC /* AgentStreemrApp.swift */,
				1E9EFA0692471FEA3D4C8058 /* ContentView.swift */,
			);
			path = Sources;
			sourceTree = "<group>";
		};
		167045168AC5C2B248FBBA05 /* Products */ = {
			isa = PBXGroup;
			children = (
				279A55D7A0D1D83A86D2CC17 /* AgentStreemr.app */,
			);
			name = Products;
			sourceTree = "<group>";
		};
		3771A18AB9721F543364505D = {
			isa = PBXGroup;
			children = (
				7872C631294A11C6EF99FACC /* Packages */,
				06E325E180CB9162BEF6DBFB /* Sources */,
				167045168AC5C2B248FBBA05 /* Products */,
			);
			sourceTree = "<group>";
		};
		7872C631294A11C6EF99FACC /* Packages */ = {
			isa = PBXGroup;
			children = (
				3AB36C0F09B9DCD1B44333C9 /* agent-streemr-swift */,
			);
			name = Packages;
			sourceTree = "<group>";
		};
/* End PBXGroup section */

/* Begin PBXNativeTarget section */
		0D50590092145357B57668CF /* AgentStreemr */ = {
			isa = PBXNativeTarget;
			buildConfigurationList = 69683EB90887F7D6CC7EECA8 /* Build configuration list for PBXNativeTarget "AgentStreemr" */;
			buildPhases = (
				4161676D0E29968D85239910 /* Sources */,
				7FA59BCD2540245A25F79C7E /* Frameworks */,
			);
			buildRules = (
			);
			dependencies = (
			);
			name = AgentStreemr;
			packageProductDependencies = (
				46AC15F17E7A3BC35F69DD1C /* AgentStreemrSwift */,
			);
			productName = AgentStreemr;
			productReference = 279A55D7A0D1D83A86D2CC17 /* AgentStreemr.app */;
			productType = "com.apple.product-type.application";
		};
/* End PBXNativeTarget section */

/* Begin PBXProject section */
		35F7FA2C8909D7249EC379B9 /* Project object */ = {
			isa = PBXProject;
			attributes = {
				BuildIndependentTargetsInParallel = YES;
				LastUpgradeCheck = 1430;
				TargetAttributes = {
				};
			};
			buildConfigurationList = 68FAB6DEE333B4D8BDD0021B /* Build configuration list for PBXProject "AgentStreemr" */;
			developmentRegion = en;
			hasScannedForEncodings = 0;
			knownRegions = (
				Base,
				en,
			);
			mainGroup = 3771A18AB9721F543364505D;
			minimizedProjectReferenceProxies = 1;
			packageReferences = (
				B6EE6F9AE51646550B50B24B /* XCLocalSwiftPackageReference "../../agent-streemr-swift" */,
			);
			preferredProjectObjectVersion = 77;
			productRefGroup = 167045168AC5C2B248FBBA05 /* Products */;
			projectDirPath = "";
			projectRoot = "";
			targets = (
				0D50590092145357B57668CF /* AgentStreemr */,
			);
		};
/* End PBXProject section */

/* Begin PBXSourcesBuildPhase section */
		4161676D0E29968D85239910 /* Sources */ = {
			isa = PBXSourcesBuildPhase;
			buildActionMask = 2147483647;
			files = (
				E87C2CF574727AFC5D35C26A /* AgentStreemrApp.swift in Sources */,
				706D32BDE16EFBB8EBC04FA0 /* ContentView.swift in Sources */,
			);
			runOnlyForDeploymentPostprocessing = 0;
		};
/* End PBXSourcesBuildPhase section */

/* Begin XCBuildConfiguration section */
		79364300FE9F4AF74DC4B656 /* Release */ = {
			isa = XCBuildConfiguration;
			buildSettings = {
				ALWAYS_SEARCH_USER_PATHS = NO;
				CLANG_ANALYZER_NONNULL = YES;
				CLANG_ANALYZER_NUMBER_OBJECT_CONVERSION = YES_AGGRESSIVE;
				CLANG_CXX_LANGUAGE_STANDARD = "gnu++14";
				CLANG_CXX_LIBRARY = "libc++";
				CLANG_ENABLE_MODULES = YES;
				CLANG_ENABLE_OBJC_ARC = YES;
				CLANG_ENABLE_OBJC_WEAK = YES;
				CLANG_WARN_BLOCK_CAPTURE_AUTORELEASING = YES;
				CLANG_WARN_BOOL_CONVERSION = YES;
				CLANG_WARN_COMMA = YES;
				CLANG_WARN_CONSTANT_CONVERSION = YES;
				CLANG_WARN_DEPRECATED_OBJC_IMPLEMENTATIONS = YES;
				CLANG_WARN_DIRECT_OBJC_ISA_USAGE = YES_ERROR;
				CLANG_WARN_DOCUMENTATION_COMMENTS = YES;
				CLANG_WARN_EMPTY_BODY = YES;
				CLANG_WARN_ENUM_CONVERSION = YES;
				CLANG_WARN_INFINITE_RECURSION = YES;
				CLANG_WARN_INT_CONVERSION = YES;
				CLANG_WARN_NON_LITERAL_NULL_CONVERSION = YES;
				CLANG_WARN_OBJC_IMPLICIT_RETAIN_SELF = YES;
				CLANG_WARN_OBJC_LITERAL_CONVERSION = YES;
				CLANG_WARN_OBJC_ROOT_CLASS = YES_ERROR;
				CLANG_WARN_QUOTED_INCLUDE_IN_FRAMEWORK_HEADER = YES;
				CLANG_WARN_RANGE_LOOP_ANALYSIS = YES;
				CLANG_WARN_STRICT_PROTOTYPES = YES;
				CLANG_WARN_SUSPICIOUS_MOVE = YES;
				CLANG_WARN_UNGUARDED_AVAILABILITY = YES_AGGRESSIVE;
				CLANG_WARN_UNREACHABLE_CODE = YES;
				CLANG_WARN__DUPLICATE_METHOD_MATCH = YES;
				COPY_PHASE_STRIP = NO;
				DEBUG_INFORMATION_FORMAT = "dwarf-with-dsym";
				ENABLE_NS_ASSERTIONS = NO;
				ENABLE_STRICT_OBJC_MSGSEND = YES;
				GCC_C_LANGUAGE_STANDARD = gnu11;
				GCC_NO_COMMON_BLOCKS = YES;
				GCC_WARN_64_TO_32_BIT_CONVERSION = YES;
				GCC_WARN_ABOUT_RETURN_TYPE = YES_ERROR;
				GCC_WARN_UNDECLARED_SELECTOR = YES;
				GCC_WARN_UNINITIALIZED_AUTOS = YES_AGGRESSIVE;
				GCC_WARN_UNUSED_FUNCTION = YES;
				GCC_WARN_UNUSED_VARIABLE = YES;
				IPHONEOS_DEPLOYMENT_TARGET = 26.3;
				MTL_ENABLE_DEBUG_INFO = NO;
				MTL_FAST_MATH = YES;
				PRODUCT_NAME = "$(TARGET_NAME)";
				SDKROOT = iphoneos;
				SWIFT_COMPILATION_MODE = wholemodule;
				SWIFT_OPTIMIZATION_LEVEL = "-O";
				SWIFT_VERSION = 5.0;
			};
			name = Release;
		};
		B651254CEE5E2DE33A0FF6E5 /* Debug */ = {
			isa = XCBuildConfiguration;
			buildSettings = {
				ASSETCATALOG_COMPILER_APPICON_NAME = AppIcon;
				CODE_SIGN_IDENTITY = "iPhone Developer";
				CURRENT_PROJECT_VERSION = 1;
				INFOPLIST_FILE = "Supporting Files/Info.plist";
				LD_RUNPATH_SEARCH_PATHS = (
					"$(inherited)",
					"@executable_path/Frameworks",
				);
				MARKETING_VERSION = 1.0;
				PRODUCT_BUNDLE_IDENTIFIER = "com.eetr.agent-streemr";
				SDKROOT = iphoneos;
				SWIFT_VERSION = 5.9;
				TARGETED_DEVICE_FAMILY = 2;
			};
			name = Debug;
		};
		DEEF82340BBFD3A0DE6B2CB6 /* Release */ = {
			isa = XCBuildConfiguration;
			buildSettings = {
				ASSETCATALOG_COMPILER_APPICON_NAME = AppIcon;
				CODE_SIGN_IDENTITY = "iPhone Developer";
				CURRENT_PROJECT_VERSION = 1;
				INFOPLIST_FILE = "Supporting Files/Info.plist";
				LD_RUNPATH_SEARCH_PATHS = (
					"$(inherited)",
					"@executable_path/Frameworks",
				);
				MARKETING_VERSION = 1.0;
				PRODUCT_BUNDLE_IDENTIFIER = "com.eetr.agent-streemr";
				SDKROOT = iphoneos;
				SWIFT_VERSION = 5.9;
				TARGETED_DEVICE_FAMILY = 2;
			};
			name = Release;
		};
		F47E0D13F6204224C0EE5576 /* Debug */ = {
			isa = XCBuildConfiguration;
			buildSettings = {
				ALWAYS_SEARCH_USER_PATHS = NO;
				CLANG_ANALYZER_NONNULL = YES;
				CLANG_ANALYZER_NUMBER_OBJECT_CONVERSION = YES_AGGRESSIVE;
				CLANG_CXX_LANGUAGE_STANDARD = "gnu++14";
				CLANG_CXX_LIBRARY = "libc++";
				CLANG_ENABLE_MODULES = YES;
				CLANG_ENABLE_OBJC_ARC = YES;
				CLANG_ENABLE_OBJC_WEAK = YES;
				CLANG_WARN_BLOCK_CAPTURE_AUTORELEASING = YES;
				CLANG_WARN_BOOL_CONVERSION = YES;
				CLANG_WARN_COMMA = YES;
				CLANG_WARN_CONSTANT_CONVERSION = YES;
				CLANG_WARN_DEPRECATED_OBJC_IMPLEMENTATIONS = YES;
				CLANG_WARN_DIRECT_OBJC_ISA_USAGE = YES_ERROR;
				CLANG_WARN_DOCUMENTATION_COMMENTS = YES;
				CLANG_WARN_EMPTY_BODY = YES;
				CLANG_WARN_ENUM_CONVERSION = YES;
				CLANG_WARN_INFINITE_RECURSION = YES;
				CLANG_WARN_INT_CONVERSION = YES;
				CLANG_WARN_NON_LITERAL_NULL_CONVERSION = YES;
				CLANG_WARN_OBJC_IMPLICIT_RETAIN_SELF = YES;
				CLANG_WARN_OBJC_LITERAL_CONVERSION = YES;
				CLANG_WARN_OBJC_ROOT_CLASS = YES_ERROR;
				CLANG_WARN_QUOTED_INCLUDE_IN_FRAMEWORK_HEADER = YES;
				CLANG_WARN_RANGE_LOOP_ANALYSIS = YES;
				CLANG_WARN_STRICT_PROTOTYPES = YES;
				CLANG_WARN_SUSPICIOUS_MOVE = YES;
				CLANG_WARN_UNGUARDED_AVAILABILITY = YES_AGGRESSIVE;
				CLANG_WARN_UNREACHABLE_CODE = YES;
				CLANG_WARN__DUPLICATE_METHOD_MATCH = YES;
				COPY_PHASE_STRIP = NO;
				DEBUG_INFORMATION_FORMAT = dwarf;
				ENABLE_STRICT_OBJC_MSGSEND = YES;
				ENABLE_TESTABILITY = YES;
				GCC_C_LANGUAGE_STANDARD = gnu11;
				GCC_DYNAMIC_NO_PIC = NO;
				GCC_NO_COMMON_BLOCKS = YES;
				GCC_OPTIMIZATION_LEVEL = 0;
				GCC_PREPROCESSOR_DEFINITIONS = (
					"$(inherited)",
					"DEBUG=1",
				);
				GCC_WARN_64_TO_32_BIT_CONVERSION = YES;
				GCC_WARN_ABOUT_RETURN_TYPE = YES_ERROR;
				GCC_WARN_UNDECLARED_SELECTOR = YES;
				GCC_WARN_UNINITIALIZED_AUTOS = YES_AGGRESSIVE;
				GCC_WARN_UNUSED_FUNCTION = YES;
				GCC_WARN_UNUSED_VARIABLE = YES;
				IPHONEOS_DEPLOYMENT_TARGET = 26.3;
				MTL_ENABLE_DEBUG_INFO = INCLUDE_SOURCE;
				MTL_FAST_MATH = YES;
				ONLY_ACTIVE_ARCH = YES;
				PRODUCT_NAME = "$(TARGET_NAME)";
				SDKROOT = iphoneos;
				SWIFT_ACTIVE_COMPILATION_CONDITIONS = DEBUG;
				SWIFT_OPTIMIZATION_LEVEL = "-Onone";
				SWIFT_VERSION = 5.0;
			};
			name = Debug;
		};
/* End XCBuildConfiguration section */

/* Begin XCConfigurationList section */
		68FAB6DEE333B4D8BDD0021B /* Build configuration list for PBXProject "AgentStreemr" */ = {
			isa = XCConfigurationList;
			buildConfigurations = (
				F47E0D13F6204224C0EE5576 /* Debug */,
				79364300FE9F4AF74DC4B656 /* Release */,
			);
			defaultConfigurationIsVisible = 0;
			defaultConfigurationName = Debug;
		};
		69683EB90887F7D6CC7EECA8 /* Build configuration list for PBXNativeTarget "AgentStreemr" */ = {
			isa = XCConfigurationList;
			buildConfigurations = (
				B651254CEE5E2DE33A0FF6E5 /* Debug */,
				DEEF82340BBFD3A0DE6B2CB6 /* Release */,
			);
			defaultConfigurationIsVisible = 0;
			defaultConfigurationName = Debug;
		};
/* End XCConfigurationList section */

/* Begin XCLocalSwiftPackageReference section */
		B6EE6F9AE51646550B50B24B /* XCLocalSwiftPackageReference "../../agent-streemr-swift" */ = {
			isa = XCLocalSwiftPackageReference;
			relativePath = "../../agent-streemr-swift";
		};
/* End XCLocalSwiftPackageReference section */

/* Begin XCSwiftPackageProductDependency section */
		46AC15F17E7A3BC35F69DD1C /* AgentStreemrSwift */ = {
			isa = XCSwiftPackageProductDependency;
			productName = AgentStreemrSwift;
		};
/* End XCSwiftPackageProductDependency section */
	};
	rootObject = 35F7FA2C8909D7249EC379B9 /* Project object */;
}
